
Microsoft Visual Studio Solution File, Format Version 12.00
# Visual Studio Version 17
VisualStudioVersion = 17.9.34902.65
MinimumVisualStudioVersion = 10.0.40219.1
Project("{FAE04EC0-301F-11D3-BF4B-00C04F79EFBC}") = "Bai57", "Bai57.csproj", "{BB78B987-7BED-4F99-A645-F0D5D8FAB32A}"
EndProject
Global
	GlobalSection(SolutionConfigurationPlatforms) = preSolution
		Debug|Any CPU = Debug|Any CPU
		Release|Any CPU = Release|Any CPU
	EndGlobalSection
	GlobalSection(ProjectConfigurationPlatforms) = postSolution
		{BB78B987-7BED-4F99-A645-F0D5D8FAB32A}.Debug|Any CPU.ActiveCfg = Debug|Any CPU
		{BB78B987-7BED-4F99-A645-F0D5D8FAB32A}.Debug|Any CPU.Build.0 = Debug|Any CPU
		{BB78B987-7BED-4F99-A645-F0D5D8FAB32A}.Release|Any CPU.ActiveCfg = Release|Any CPU
		{BB78B987-7BED-4F99-A645-F0D5D8FAB32A}.Release|Any CPU.Build.0 = Release|Any CPU
	EndGlobalSection
	GlobalSection(SolutionProperties) = preSolution
		HideSolutionNode = FALSE
	EndGlobalSection
	GlobalSection(ExtensibilityGlobals) = postSolution
		SolutionGuid = {B91DFA39-4C11-4C54-989A-973E1FE8E021}
	EndGlobalSection
EndGlobal
